
Microsoft Visual Studio Solution File, Format Version 12.00
# Visual Studio Version 17
VisualStudioVersion = 17.8.34511.84
MinimumVisualStudioVersion = 10.0.40219.1
Project("{FAE04EC0-301F-11D3-BF4B-00C04F79EFBC}") = "ElkCreekServices.OpenScripts.Logging", "ElkCreekServices.OpenScripts.Logging\ElkCreekServices.OpenScripts.Logging.csproj", "{632F66FB-7624-4611-8374-C5033F611955}"
EndProject
Project("{FAE04EC0-301F-11D3-BF4B-00C04F79EFBC}") = "ElkCreekServices.TestOpenScriptsLogging", "ElkCreekServices.TestOpenScriptsLogging\ElkCreekServices.TestOpenScriptsLogging.csproj", "{40EF0825-66E0-44C9-BCAE-6987A986F8F4}"
EndProject
Project("{FAE04EC0-301F-11D3-BF4B-00C04F79EFBC}") = "ElkCreekServices.OpenScripts.Logging.Example", "ElkCreekServices.OpenScripts.Logging.Example\ElkCreekServices.OpenScripts.Logging.Example.csproj", "{61F8C05A-87D3-4246-8770-DDF37314D125}"
EndProject
Global
	GlobalSection(SolutionConfigurationPlatforms) = preSolution
		Debug|Any CPU = Debug|Any CPU
		Release|Any CPU = Release|Any CPU
	EndGlobalSection
	GlobalSection(ProjectConfigurationPlatforms) = postSolution
		{632F66FB-7624-4611-8374-C5033F611955}.Debug|Any CPU.ActiveCfg = Debug|Any CPU
		{632F66FB-7624-4611-8374-C5033F611955}.Debug|Any CPU.Build.0 = Debug|Any CPU
		{632F66FB-7624-4611-8374-C5033F611955}.Release|Any CPU.ActiveCfg = Release|Any CPU
		{632F66FB-7624-4611-8374-C5033F611955}.Release|Any CPU.Build.0 = Release|Any CPU
		{40EF0825-66E0-44C9-BCAE-6987A986F8F4}.Debug|Any CPU.ActiveCfg = Debug|Any CPU
		{40EF0825-66E0-44C9-BCAE-6987A986F8F4}.Debug|Any CPU.Build.0 = Debug|Any CPU
		{40EF0825-66E0-44C9-BCAE-6987A986F8F4}.Release|Any CPU.ActiveCfg = Release|Any CPU
		{40EF0825-66E0-44C9-BCAE-6987A986F8F4}.Release|Any CPU.Build.0 = Release|Any CPU
		{61F8C05A-87D3-4246-8770-DDF37314D125}.Debug|Any CPU.ActiveCfg = Debug|Any CPU
		{61F8C05A-87D3-4246-8770-DDF37314D125}.Debug|Any CPU.Build.0 = Debug|Any CPU
		{61F8C05A-87D3-4246-8770-DDF37314D125}.Release|Any CPU.ActiveCfg = Release|Any CPU
		{61F8C05A-87D3-4246-8770-DDF37314D125}.Release|Any CPU.Build.0 = Release|Any CPU
	EndGlobalSection
	GlobalSection(SolutionProperties) = preSolution
		HideSolutionNode = FALSE
	EndGlobalSection
	GlobalSection(ExtensibilityGlobals) = postSolution
		SolutionGuid = {96B2C7F3-2D05-4AEF-B953-7DAC787F2383}
	EndGlobalSection
EndGlobal
